{
  "name": "@unreleased/hellojs",
  "version": "0.2.1",
  "lockfileVersion": 3,
  "requires": true,
  "packages": {
    "": {
      "name": "@unreleased/hellojs",
      "version": "0.2.1",
      "license": "MIT",
      "dependencies": {
        "fzstd": "^0.1.1",
        "mlkem": "^2.7.0"
      },
      "engines": {
        "node": ">=20"
      }
    },
    "node_modules/fzstd": {
      "version": "0.1.1",
      "resolved": "https://registry.npmjs.org/fzstd/-/fzstd-0.1.1.tgz",
      "integrity": "sha512-dkuVSOKKwh3eas5VkJy1AW1vFpet8TA/fGmVA5krThl8YcOVE/8ZIoEA1+U1vEn5ckxxhLirSdY837azmbaNHA==",
      "license": "MIT"
    },
    "node_modules/mlkem": {
      "version": "2.7.0",
      "resolved": "https://registry.npmjs.org/mlkem/-/mlkem-2.7.0.tgz",
      "integrity": "sha512-I2bcB5d6jtkdan6MLGOxObpUbidqv0ej+PhbCGnXUqmcGYZ6X8F0qBpU6HE4mvYc81NSznBrVDp+Uc808Ba2RA==",
      "license": "MIT",
      "engines": {
        "node": ">=16.0.0"
      }
    }
  }
}
